
Microsoft Visual Studio Solution File, Format Version 12.00
# Visual Studio Version 16
VisualStudioVersion = 16.0.32407.337
MinimumVisualStudioVersion = 10.0.40219.1
Project("{FAE04EC0-301F-11D3-BF4B-00C04F79EFBC}") = "FastCode", "FastCode\FastCode.csproj", "{690FA7C0-4C86-4887-8BED-045E8FA1EFAF}"
EndProject
Global
	GlobalSection(SolutionConfigurationPlatforms) = preSolution
		Debug|Any CPU = Debug|Any CPU
		Release|Any CPU = Release|Any CPU
	EndGlobalSection
	GlobalSection(ProjectConfigurationPlatforms) = postSolution
		{690FA7C0-4C86-4887-8BED-045E8FA1EFAF}.Debug|Any CPU.ActiveCfg = Debug|Any CPU
		{690FA7C0-4C86-4887-8BED-045E8FA1EFAF}.Debug|Any CPU.Build.0 = Debug|Any CPU
		{690FA7C0-4C86-4887-8BED-045E8FA1EFAF}.Release|Any CPU.ActiveCfg = Release|Any CPU
		{690FA7C0-4C86-4887-8BED-045E8FA1EFAF}.Release|Any CPU.Build.0 = Release|Any CPU
	EndGlobalSection
	GlobalSection(SolutionProperties) = preSolution
		HideSolutionNode = FALSE
	EndGlobalSection
	GlobalSection(ExtensibilityGlobals) = postSolution
		SolutionGuid = {A96E7D54-D957-4C52-9B65-2213786B67FE}
	EndGlobalSection
EndGlobal
